
Microsoft Visual Studio Solution File, Format Version 12.00
# Visual Studio Version 16
VisualStudioVersion = 25.0.1704.4
MinimumVisualStudioVersion = 10.0.40219.1
Project("{FAE04EC0-301F-11D3-BF4B-00C04F79EFBC}") = "Bsctmplt.WebApi", "Bsctmplt.WebApi.csproj", "{9EC7E654-A631-4FF3-A944-A8D125AD5661}"
EndProject
Global
	GlobalSection(SolutionConfigurationPlatforms) = preSolution
		Debug|Any CPU = Debug|Any CPU
		Release|Any CPU = Release|Any CPU
	EndGlobalSection
	GlobalSection(ProjectConfigurationPlatforms) = postSolution
		{9EC7E654-A631-4FF3-A944-A8D125AD5661}.Debug|Any CPU.ActiveCfg = Debug|Any CPU
		{9EC7E654-A631-4FF3-A944-A8D125AD5661}.Debug|Any CPU.Build.0 = Debug|Any CPU
		{9EC7E654-A631-4FF3-A944-A8D125AD5661}.Release|Any CPU.ActiveCfg = Release|Any CPU
		{9EC7E654-A631-4FF3-A944-A8D125AD5661}.Release|Any CPU.Build.0 = Release|Any CPU
	EndGlobalSection
	GlobalSection(SolutionProperties) = preSolution
		HideSolutionNode = FALSE
	EndGlobalSection
	GlobalSection(ExtensibilityGlobals) = postSolution
		SolutionGuid = {DF451BB8-0DD5-44C7-9C26-D2779C70B819}
	EndGlobalSection
EndGlobal
