
Microsoft Visual Studio Solution File, Format Version 12.00
# Visual Studio Version 16
VisualStudioVersion = 25.0.1704.4
MinimumVisualStudioVersion = 10.0.40219.1
Project("{FAE04EC0-301F-11D3-BF4B-00C04F79EFBC}") = "Bsctmplt.BusinessLayer", "Bsctmplt.BusinessLayer.csproj", "{25C09A99-510B-4D8C-9727-48E94BDB7A2B}"
EndProject
Global
	GlobalSection(SolutionConfigurationPlatforms) = preSolution
		Debug|Any CPU = Debug|Any CPU
		Release|Any CPU = Release|Any CPU
	EndGlobalSection
	GlobalSection(ProjectConfigurationPlatforms) = postSolution
		{25C09A99-510B-4D8C-9727-48E94BDB7A2B}.Debug|Any CPU.ActiveCfg = Debug|Any CPU
		{25C09A99-510B-4D8C-9727-48E94BDB7A2B}.Debug|Any CPU.Build.0 = Debug|Any CPU
		{25C09A99-510B-4D8C-9727-48E94BDB7A2B}.Release|Any CPU.ActiveCfg = Release|Any CPU
		{25C09A99-510B-4D8C-9727-48E94BDB7A2B}.Release|Any CPU.Build.0 = Release|Any CPU
	EndGlobalSection
	GlobalSection(SolutionProperties) = preSolution
		HideSolutionNode = FALSE
	EndGlobalSection
	GlobalSection(ExtensibilityGlobals) = postSolution
		SolutionGuid = {6F66A148-B1C3-4ED7-A357-CE217E0D2FB8}
	EndGlobalSection
EndGlobal
